{
  "lockfileVersion": 1,
  "workspaces": {
    "": {
      "name": "blog-system",
      "dependencies": {
        "fuse.js": "^7.1.0",
        "marked": "^17.0.0",
        "marked-alert": "^2.1.0",
      },
    },
  },
  "packages": {
    "fuse.js": ["fuse.js@7.1.0", "", {}, "sha512-trLf4SzuuUxfusZADLINj+dE8clK1frKdmqiJNb1Es75fmI5oY6X2mxLVUciLLjxqw/xr72Dhy+lER6dGd02FQ=="],

    "marked": ["marked@17.0.3", "", { "bin": { "marked": "bin/marked.js" } }, "sha512-jt1v2ObpyOKR8p4XaUJVk3YWRJ5n+i4+rjQopxvV32rSndTJXvIzuUdWWIy/1pFQMkQmvTXawzDNqOH/CUmx6A=="],

    "marked-alert": ["marked-alert@2.1.2", "", { "peerDependencies": { "marked": ">=7.0.0" } }, "sha512-EFNRZ08d8L/iEIPLTlQMDjvwIsj03gxWCczYTht6DCiHJIZhMk4NK5gtPY9UqAYb09eV5VGT+jD4lp396E0I+w=="],
  }
}
